# This file is autogenerated, do not edit; changes may be undone by the next 'dep ensure'.


[[projects]]
  digest = "1:2a317c044b3c9070f4b5901a9d7fa13c663f35d2ec7b6a2f91a4ec0cd6a748b2"
  name = "github.com/fsnotify/fsnotify"
  packages = ["."]
  pruneopts = "UT"
  revision = "0f4b979323bea7ee6677faa4a88078ec558b1b80"
  version = "v1.5.4"

[[projects]]
  digest = "1:c0d19ab64b32ce9fe5cf4ddceba78d5bc9807f0016db6b1183599da3dcc24d10"
  name = "github.com/hashicorp/hcl"
  packages = [
    ".",
    "hcl/ast",
    "hcl/parser",
    "hcl/printer",
    "hcl/scanner",
    "hcl/strconv",
    "hcl/token",
    "json/parser",
    "json/scanner",
    "json/token",
  ]
  pruneopts = "UT"
  revision = "8cb6e5b959231cc1119e43259c4a608f9c51a241"
  version = "v1.0.0"

[[projects]]
  digest = "1:fa6d7a5a592ad4052351be50fe4a66f9974a203eff6b675841ab64d99d17bb8e"
  name = "github.com/magiconair/properties"
  packages = ["."]
  pruneopts = "UT"
  revision = "869a5592420f4ff6ebf74500b5c658b29d973172"
  version = "v1.8.6"

[[projects]]
  digest = "1:3419f851770e246f952a20e81360fbbd99127767d0b1113f42de4a2c61a93c07"
  name = "github.com/mitchellh/mapstructure"
  packages = ["."]
  pruneopts = "UT"
  revision = "ab69d8d93410fce4361f4912bb1ff88110a81311"
  version = "v1.5.0"

[[projects]]
  digest = "1:844d6f61362ebbbf53cbfe08c6ab3058d6370c696a82e71a5bb4b174d71e063a"
  name = "github.com/pelletier/go-toml"
  packages = ["."]
  pruneopts = "UT"
  revision = "fed1464066413075eac02cd4dc368b5221845541"
  version = "v1.9.5"

[[projects]]
  digest = "1:7467c585f52339c093b3ff4b7fbdf1cd7b988f56a152638c3e89160f5fedde56"
  name = "github.com/spf13/afero"
  packages = [
    ".",
    "internal/common",
    "mem",
  ]
  pruneopts = "UT"
  revision = "2a70f2bb2db1524bf2aa3ca0cfebefa8d6367b7b"
  version = "v1.9.2"

[[projects]]
  digest = "1:6f3f35c1afae2dadb84c9e94c5014d88b1cdb6edae271addd62148f880613e3e"
  name = "github.com/spf13/cast"
  packages = ["."]
  pruneopts = "UT"
  revision = "2b0eb0f724e320b655240e331aef36d1175986c2"
  version = "v1.5.0"

[[projects]]
  digest = "1:1b753ec16506f5864d26a28b43703c58831255059644351bbcb019b843950900"
  name = "github.com/spf13/jwalterweatherman"
  packages = ["."]
  pruneopts = "UT"
  revision = "94f6ae3ed3bceceafa716478c5fbf8d29ca601a1"
  version = "v1.1.0"

[[projects]]
  digest = "1:524b71991fc7d9246cc7dc2d9e0886ccb97648091c63e30eef619e6862c955dd"
  name = "github.com/spf13/pflag"
  packages = ["."]
  pruneopts = "UT"
  revision = "2e9d26c8c37aae03e3f9d4e90b7116f5accb7cab"
  version = "v1.0.5"

[[projects]]
  digest = "1:214775c11fd26da94a100111a62daa25339198a4f9c57cb4aab352da889f5b93"
  name = "github.com/spf13/viper"
  packages = ["."]
  pruneopts = "UT"
  revision = "2c12c60302a5a0e62ee102ca9bc996277c2f64f5"
  version = "v1.2.1"

[[projects]]
  branch = "master"
  digest = "1:8646a5b279fa4c6811a361a9ffb9ea2906d5847e69a6a072a509213d0943b986"
  name = "golang.org/x/sys"
  packages = [
    "internal/unsafeheader",
    "unix",
  ]
  pruneopts = "UT"
  revision = "8e32c043e418e4342312b6a690e50f04b182961f"

[[projects]]
  digest = "1:fae9b71dbed2aad67d1c23504b3c1e7ff5e8e295fa2c7739af6d143cd56d0e8f"
  name = "golang.org/x/text"
  packages = [
    "internal/gen",
    "internal/triegen",
    "internal/ucd",
    "runes",
    "transform",
    "unicode/cldr",
    "unicode/norm",
  ]
  pruneopts = "UT"
  revision = "383b2e75a7a4198c42f8f87833eefb772868a56f"
  version = "v0.3.7"

[[projects]]
  digest = "1:5054a1f394226de9e6ddc47b0ba77e35092a4112f4a1cd9cb94aba1f5bdc3ec6"
  name = "gopkg.in/yaml.v2"
  packages = ["."]
  pruneopts = "UT"
  revision = "7649d4548cb53a614db133b2a8ac1f31859dda8c"
  version = "v2.4.0"

[solve-meta]
  analyzer-name = "dep"
  analyzer-version = 1
  input-imports = ["github.com/spf13/viper"]
  solver-name = "gps-cdcl"
  solver-version = 1
